
Microsoft Visual Studio Solution File, Format Version 12.00
# Visual Studio Version 16
VisualStudioVersion = 16.0.29920.165
MinimumVisualStudioVersion = 10.0.40219.1
Project("{FAE04EC0-301F-11D3-BF4B-00C04F79EFBC}") = "PodCastApp", "PodCastApp\PodCastApp.csproj", "{3D2E0958-684C-492F-9215-096481EA4380}"
EndProject
Global
	GlobalSection(SolutionConfigurationPlatforms) = preSolution
		Debug|Any CPU = Debug|Any CPU
		Release|Any CPU = Release|Any CPU
	EndGlobalSection
	GlobalSection(ProjectConfigurationPlatforms) = postSolution
		{3D2E0958-684C-492F-9215-096481EA4380}.Debug|Any CPU.ActiveCfg = Debug|Any CPU
		{3D2E0958-684C-492F-9215-096481EA4380}.Debug|Any CPU.Build.0 = Debug|Any CPU
		{3D2E0958-684C-492F-9215-096481EA4380}.Release|Any CPU.ActiveCfg = Release|Any CPU
		{3D2E0958-684C-492F-9215-096481EA4380}.Release|Any CPU.Build.0 = Release|Any CPU
	EndGlobalSection
	GlobalSection(SolutionProperties) = preSolution
		HideSolutionNode = FALSE
	EndGlobalSection
	GlobalSection(ExtensibilityGlobals) = postSolution
		SolutionGuid = {2B11F275-A88C-4945-B0A6-6807D6F3FDF4}
	EndGlobalSection
EndGlobal
